{
  "name": "amenov.express.wherebuilder",
  "version": "1.0.0",
  "lockfileVersion": 2,
  "requires": true,
  "packages": {
    "": {
      "name": "amenov.express.wherebuilder",
      "version": "1.0.0",
      "license": "MIT",
      "dependencies": {
        "amenov.wherebuilder": "^1.0.0"
      }
    },
    "node_modules/amenov.wherebuilder": {
      "version": "1.0.0",
      "resolved": "https://registry.npmjs.org/amenov.wherebuilder/-/amenov.wherebuilder-1.0.0.tgz",
      "integrity": "sha512-yPpu/1rZh5MyZerHycfWkuNrPJObPPCVhfE/f6BD5B6CrwibCZ747JcV3dMjo91bAc8Qc3YtE3xvsh51M5sDkg=="
    }
  },
  "dependencies": {
    "amenov.wherebuilder": {
      "version": "1.0.0",
      "resolved": "https://registry.npmjs.org/amenov.wherebuilder/-/amenov.wherebuilder-1.0.0.tgz",
      "integrity": "sha512-yPpu/1rZh5MyZerHycfWkuNrPJObPPCVhfE/f6BD5B6CrwibCZ747JcV3dMjo91bAc8Qc3YtE3xvsh51M5sDkg=="
    }
  }
}
